{
  "name": "miniprogram",
  "lockfileVersion": 3,
  "requires": true,
  "packages": {
    "": {
      "dependencies": {
        "@cloudbase/wx-cloud-client-sdk": "^1.6.1",
        "@trtc/calls-uikit-wx": "^4.2.7",
        "miniprogram-api-typings": "^4.1.0",
        "tdesign-miniprogram": "^1.10.0"
      }
    },
    "node_modules/@cloudbase/wx-cloud-client-sdk": {
      "version": "1.6.1",
      "resolved": "https://registry.npmjs.org/@cloudbase/wx-cloud-client-sdk/-/wx-cloud-client-sdk-1.6.1.tgz",
      "integrity": "sha512-TeLhz+LMlTe1bZiCbwflU2nXX4FHXnLk1ojbrOfY9ki1gO1gYll9Snl2g3zBhiTGye/OfhzBEDCwVhGxzOxs4Q=="
    },
    "node_modules/@tencentcloud/lite-chat": {
      "version": "1.6.10",
      "resolved": "https://registry.npmjs.org/@tencentcloud/lite-chat/-/lite-chat-1.6.10.tgz",
      "integrity": "sha512-zRJ1vENEtwDmBRzPa1hVM23xwqF4cD0PrLSBf8kTNFbZnlv1G3QYFRmZ/l2FAhNPy7gz3Bc6+sjBkBObDqA4Dg==",
      "license": "ISC"
    },
    "node_modules/@tencentcloud/trtc-cloud-wx": {
      "version": "1.0.8",
      "resolved": "https://registry.npmjs.org/@tencentcloud/trtc-cloud-wx/-/trtc-cloud-wx-1.0.8.tgz",
      "integrity": "sha512-72TYYt6XNTr9Y401qw23YODfhLC9AGniNqb9ACFTVGDtInApHn139kGhKeudgTYEdTObkG1JjUcdkfcknHGhSA==",
      "license": "ISC",
      "dependencies": {
        "eventemitter3": "^5.0.0",
        "trtc-wx-sdk": "^1.1.14"
      }
    },
    "node_modules/@tencentcloud/trtc-component-wx": {
      "version": "1.0.6",
      "resolved": "https://registry.npmjs.org/@tencentcloud/trtc-component-wx/-/trtc-component-wx-1.0.6.tgz",
      "integrity": "sha512-3m2ZU3/upx3IJAhSPdElJ2AF1D7L/0JOXUpanYJbrtHlwTWDQ6BOc+p6HgsepE67ltpR7UcYF/BcVHEfpcObkA==",
      "license": "MIT",
      "dependencies": {
        "@tencentcloud/trtc-cloud-wx": "^1.0.7"
      }
    },
    "node_modules/@tencentcloud/tui-core-lite": {
      "version": "1.0.0",
      "resolved": "https://registry.npmjs.org/@tencentcloud/tui-core-lite/-/tui-core-lite-1.0.0.tgz",
      "integrity": "sha512-+nmOWQ415Kz6aYJDv4EIdnaLk69SPWscZqmIhQp9GhNGFVq4/u+gC/sWvGHEOICJncFjM4dUxBg9EFfzD78rGQ==",
      "license": "ISC",
      "dependencies": {
        "@tencentcloud/lite-chat": "^1.5.0"
      }
    },
    "node_modules/@trtc/call-engine-lite-wx": {
      "version": "3.4.13",
      "resolved": "https://registry.npmjs.org/@trtc/call-engine-lite-wx/-/call-engine-lite-wx-3.4.13.tgz",
      "integrity": "sha512-Dv3wREtBi7d368FhRuOFOE+erQrLHMo5lnPBIWXSil6sLO6ZqrSn6J6+e44sp7y6/RIJo+e+SxAyAVVxkLZOOQ==",
      "license": "ISC",
      "dependencies": {
        "@tencentcloud/lite-chat": "^1.5.0",
        "@tencentcloud/trtc-component-wx": "^1.0.5",
        "eventemitter3": "^4.0.7"
      }
    },
    "node_modules/@trtc/call-engine-lite-wx/node_modules/eventemitter3": {
      "version": "4.0.7",
      "resolved": "https://registry.npmjs.org/eventemitter3/-/eventemitter3-4.0.7.tgz",
      "integrity": "sha512-8guHBZCwKnFhYdHr2ysuRWErTwhoN2X8XELRlrRwpmfeY2jjuUN4taQMsULKUVo1K4DvZl+0pgfyoysHxvmvEw==",
      "license": "MIT"
    },
    "node_modules/@trtc/calls-uikit-wx": {
      "version": "4.2.7",
      "resolved": "https://registry.npmjs.org/@trtc/calls-uikit-wx/-/calls-uikit-wx-4.2.7.tgz",
      "integrity": "sha512-YtesClzQhC2fRPss1X1q+XPtez9v3G02pyq26DBGwAAGGP3WPFKSjU3ZyDh1xPE8oFnDLBuKMCyW+Im2xG2wxQ==",
      "license": "ISC",
      "dependencies": {
        "@tencentcloud/trtc-component-wx": "^1.0.5",
        "@tencentcloud/tui-core-lite": "1.0.0",
        "@trtc/call-engine-lite-wx": "~3.4.10",
        "aegis-mp-sdk": "latest"
      }
    },
    "node_modules/aegis-mp-sdk": {
      "version": "1.39.2",
      "resolved": "https://registry.npmjs.org/aegis-mp-sdk/-/aegis-mp-sdk-1.39.2.tgz",
      "integrity": "sha512-ca1X0Bb8x66adDpYlPddKzccgIPZR2Uyvj+shUfzs6s7MAQCJdhNCpCfZXECPCXRX/3rDOe68OlaDeddG9el0Q==",
      "license": "MIT"
    },
    "node_modules/eventemitter3": {
      "version": "5.0.4",
      "resolved": "https://registry.npmjs.org/eventemitter3/-/eventemitter3-5.0.4.tgz",
      "integrity": "sha512-mlsTRyGaPBjPedk6Bvw+aqbsXDtoAyAzm5MO7JgU+yVRyMQ5O8bD4Kcci7BS85f93veegeCPkL8R4GLClnjLFw==",
      "license": "MIT"
    },
    "node_modules/miniprogram-api-typings": {
      "version": "4.1.0",
      "resolved": "https://registry.npmjs.org/miniprogram-api-typings/-/miniprogram-api-typings-4.1.0.tgz",
      "integrity": "sha512-4RBsz27nBKyRkVGoNkRaPx24/KeJBw3zaaIlXDR8s/WBh2PbcUAc+q7wLLbp7Qsmb3bLzzUu7tqAti+B06kmjg==",
      "license": "MIT"
    },
    "node_modules/tdesign-miniprogram": {
      "version": "1.10.0",
      "resolved": "https://registry.npmjs.org/tdesign-miniprogram/-/tdesign-miniprogram-1.10.0.tgz",
      "integrity": "sha512-t0K396qHp1wJdm52rKfu2gEQesR1rnwfzM6hsPdPAkkni4iFGRns/jRNGVQE3fyVfD8GBzREKdIiuR0XbCieIA=="
    },
    "node_modules/trtc-wx-sdk": {
      "version": "1.1.14",
      "resolved": "https://registry.npmjs.org/trtc-wx-sdk/-/trtc-wx-sdk-1.1.14.tgz",
      "integrity": "sha512-QYV2j5pDlhbM0zykYq8OYaSpjyTn0/YbsK180iNwCLEA61m2KWm2wb1veRBVsTP9Lq0iqbSMU17cOW963vcraA==",
      "license": "ISC"
    }
  }
}
